# This file is generated by running "yarn install" inside your project.
# Manual changes might be lost - proceed with caution!

__metadata:
  version: 6
  cacheKey: 8

"@cspotcode/source-map-support@npm:^0.8.0":
  version: 0.8.1
  resolution: "@cspotcode/source-map-support@npm:0.8.1"
  dependencies:
    "@jridgewell/trace-mapping": 0.3.9
  checksum: 5718f267085ed8edb3e7ef210137241775e607ee18b77d95aa5bd7514f47f5019aa2d82d96b3bf342ef7aa890a346fa1044532ff7cc3009e7d24fce3ce6200fa
  languageName: node
  linkType: hard

"@jridgewell/resolve-uri@npm:^3.0.3":
  version: 3.1.1
  resolution: "@jridgewell/resolve-uri@npm:3.1.1"
  checksum: f5b441fe7900eab4f9155b3b93f9800a916257f4e8563afbcd3b5a5337b55e52bd8ae6735453b1b745457d9f6cdb16d74cd6220bbdd98cf153239e13f6cbb653
  languageName: node
  linkType: hard

"@jridgewell/sourcemap-codec@npm:^1.4.10":
  version: 1.4.15
  resolution: "@jridgewell/sourcemap-codec@npm:1.4.15"
  checksum: b881c7e503db3fc7f3c1f35a1dd2655a188cc51a3612d76efc8a6eb74728bef5606e6758ee77423e564092b4a518aba569bbb21c9bac5ab7a35b0c6ae7e344c8
  languageName: node
  linkType: hard

"@jridgewell/trace-mapping@npm:0.3.9":
  version: 0.3.9
  resolution: "@jridgewell/trace-mapping@npm:0.3.9"
  dependencies:
    "@jridgewell/resolve-uri": ^3.0.3
    "@jridgewell/sourcemap-codec": ^1.4.10
  checksum: d89597752fd88d3f3480845691a05a44bd21faac18e2185b6f436c3b0fd0c5a859fbbd9aaa92050c4052caf325ad3e10e2e1d1b64327517471b7d51babc0ddef
  languageName: node
  linkType: hard

"@noble/curves@npm:1.1.0":
  version: 1.1.0
  resolution: "@noble/curves@npm:1.1.0"
  dependencies:
    "@noble/hashes": 1.3.1
  checksum: 2658cdd3f84f71079b4e3516c47559d22cf4b55c23ac8ee9d2b1f8e5b72916d9689e59820e0f9d9cb4a46a8423af5b56dc6bb7782405c88be06a015180508db5
  languageName: node
  linkType: hard

"@noble/hashes@npm:1.3.1":
  version: 1.3.1
  resolution: "@noble/hashes@npm:1.3.1"
  checksum: 7fdefc0f7a0c1ec27acc6ff88841793e3f93ec4ce6b8a6a12bfc0dd70ae6b7c4c82fe305fdfeda1735d5ad4a9eebe761e6693b3d355689c559e91242f4bc95b1
  languageName: node
  linkType: hard

"@polkadot/api-augment@npm:10.8.1":
  version: 10.8.1
  resolution: "@polkadot/api-augment@npm:10.8.1"
  dependencies:
    "@polkadot/api-base": 10.8.1
    "@polkadot/rpc-augment": 10.8.1
    "@polkadot/types": 10.8.1
    "@polkadot/types-augment": 10.8.1
    "@polkadot/types-codec": 10.8.1
    "@polkadot/util": ^12.2.2
    tslib: ^2.5.3
  checksum: 5c6ea74ba582e6725a3fcf44c7745ff9acaa4ad44e1e11ef47dcf79f654f7cf34d6269075c7a22663348e52dbb58a0e4361b7a76d91883aba4912c5313131358
  languageName: node
  linkType: hard

"@polkadot/api-base@npm:10.8.1":
  version: 10.8.1
  resolution: "@polkadot/api-base@npm:10.8.1"
  dependencies:
    "@polkadot/rpc-core": 10.8.1
    "@polkadot/types": 10.8.1
    "@polkadot/util": ^12.2.2
    rxjs: ^7.8.1
    tslib: ^2.5.3
  checksum: 5f2b4fbc38e759fc9d4cd59de6392a4a53a734cf02fbc001c8154631211e6e390d4551e7bfa7c1e32f3a3aa24eeb2c1c62de05b3cb2b254c44e72a770321d019
  languageName: node
  linkType: hard

"@polkadot/api-derive@npm:10.8.1":
  version: 10.8.1
  resolution: "@polkadot/api-derive@npm:10.8.1"
  dependencies:
    "@polkadot/api": 10.8.1
    "@polkadot/api-augment": 10.8.1
    "@polkadot/api-base": 10.8.1
    "@polkadot/rpc-core": 10.8.1
    "@polkadot/types": 10.8.1
    "@polkadot/types-codec": 10.8.1
    "@polkadot/util": ^12.2.2
    "@polkadot/util-crypto": ^12.2.2
    rxjs: ^7.8.1
    tslib: ^2.5.3
  checksum: 6a051d0f1d37c40dd2eb3267a3d8b1879020a933ecbb2e61c21803e87b166d1b92acc9abd3ae522fd74561d71b2749eb7400083504e33dc55397a86fb4fc3b24
  languageName: node
  linkType: hard

"@polkadot/api@npm:10.8.1, @polkadot/api@npm:^10.8.1":
  version: 10.8.1
  resolution: "@polkadot/api@npm:10.8.1"
  dependencies:
    "@polkadot/api-augment": 10.8.1
    "@polkadot/api-base": 10.8.1
    "@polkadot/api-derive": 10.8.1
    "@polkadot/keyring": ^12.2.2
    "@polkadot/rpc-augment": 10.8.1
    "@polkadot/rpc-core": 10.8.1
    "@polkadot/rpc-provider": 10.8.1
    "@polkadot/types": 10.8.1
    "@polkadot/types-augment": 10.8.1
    "@polkadot/types-codec": 10.8.1
    "@polkadot/types-create": 10.8.1
    "@polkadot/types-known": 10.8.1
    "@polkadot/util": ^12.2.2
    "@polkadot/util-crypto": ^12.2.2
    eventemitter3: ^5.0.1
    rxjs: ^7.8.1
    tslib: ^2.5.3
  checksum: 02e1006f85a9724fb2e65aabf0761cf40181f269f4f3a56beb409aeb96a427ee4f2cf01eaea5ebb84aa226da0fa5a73d52739ea1ccb03c4e4b67c61f8ff6cddd
  languageName: node
  linkType: hard

"@polkadot/keyring@npm:^12.2.2":
  version: 12.2.2
  resolution: "@polkadot/keyring@npm:12.2.2"
  dependencies:
    "@polkadot/util": 12.2.2
    "@polkadot/util-crypto": 12.2.2
    tslib: ^2.5.3
  peerDependencies:
    "@polkadot/util": 12.2.2
    "@polkadot/util-crypto": 12.2.2
  checksum: 974d744e76dd6e0b3a8007a2f5fb7fb4c7aa7267ec4ca5ad9ea5ef6e149e23d9b4e8b296cff954a350e0fdaee6f01722083644613890d872eaf668dade6ecac7
  languageName: node
  linkType: hard

"@polkadot/networks@npm:12.2.2, @polkadot/networks@npm:^12.2.2":
  version: 12.2.2
  resolution: "@polkadot/networks@npm:12.2.2"
  dependencies:
    "@polkadot/util": 12.2.2
    "@substrate/ss58-registry": ^1.40.0
    tslib: ^2.5.3
  checksum: 70250addc52a1eee1a7ecb201b1d11c8aa5aa42edcb49fe4bd5759e50143e970447f688962dab0c32d753b59bfa2918e87353908216920201b3cc8a8e7690a3e
  languageName: node
  linkType: hard

"@polkadot/rpc-augment@npm:10.8.1":
  version: 10.8.1
  resolution: "@polkadot/rpc-augment@npm:10.8.1"
  dependencies:
    "@polkadot/rpc-core": 10.8.1
    "@polkadot/types": 10.8.1
    "@polkadot/types-codec": 10.8.1
    "@polkadot/util": ^12.2.2
    tslib: ^2.5.3
  checksum: bfb6010dbab74f08a08b0bff019b74604849f1b7092180c480ea7ca846502f6fc0606dc35b7ba495f3bd2b3a422e9c9617b5c1328e1989cc323883e7c0295526
  languageName: node
  linkType: hard

"@polkadot/rpc-core@npm:10.8.1":
  version: 10.8.1
  resolution: "@polkadot/rpc-core@npm:10.8.1"
  dependencies:
    "@polkadot/rpc-augment": 10.8.1
    "@polkadot/rpc-provider": 10.8.1
    "@polkadot/types": 10.8.1
    "@polkadot/util": ^12.2.2
    rxjs: ^7.8.1
    tslib: ^2.5.3
  checksum: 155a7e45aef22b8289a9e0dba0ea8854e7745cd620a7e49f92a9d050d91888bf11f860a3ec427eb371dae96f4f3c0346fe66ef9a29beab450bca42108d8cb99b
  languageName: node
  linkType: hard

"@polkadot/rpc-provider@npm:10.8.1":
  version: 10.8.1
  resolution: "@polkadot/rpc-provider@npm:10.8.1"
  dependencies:
    "@polkadot/keyring": ^12.2.2
    "@polkadot/types": 10.8.1
    "@polkadot/types-support": 10.8.1
    "@polkadot/util": ^12.2.2
    "@polkadot/util-crypto": ^12.2.2
    "@polkadot/x-fetch": ^12.2.2
    "@polkadot/x-global": ^12.2.2
    "@polkadot/x-ws": ^12.2.2
    "@substrate/connect": 0.7.26
    eventemitter3: ^5.0.1
    mock-socket: ^9.2.1
    nock: ^13.3.1
    tslib: ^2.5.3
  dependenciesMeta:
    "@substrate/connect":
      optional: true
  checksum: d7187b8c5a2444a2c3b62a382024cc8e242288620f515aa60baf965eada6efdff4bb686cfb4d2872505209ce7b5e494d0527c607259293d1257756d58b003c60
  languageName: node
  linkType: hard

"@polkadot/types-augment@npm:10.8.1":
  version: 10.8.1
  resolution: "@polkadot/types-augment@npm:10.8.1"
  dependencies:
    "@polkadot/types": 10.8.1
    "@polkadot/types-codec": 10.8.1
    "@polkadot/util": ^12.2.2
    tslib: ^2.5.3
  checksum: f8e034de1cd5d57d219060a090c670a3cfcba896a7307fb0867957d7bdb61f3b4c00c36a46fab1f7d218ea300162a732580b82d7a41884cb4d0baa10a9db8369
  languageName: node
  linkType: hard

"@polkadot/types-codec@npm:10.8.1":
  version: 10.8.1
  resolution: "@polkadot/types-codec@npm:10.8.1"
  dependencies:
    "@polkadot/util": ^12.2.2
    "@polkadot/x-bigint": ^12.2.2
    tslib: ^2.5.3
  checksum: 2fb60b1d1dcf54be74061c8b1878199840ad14b0ec1f98a828d8c6aff45a5055204321dddebf13ff4969077846410617bdd21fe25fad6c4592b010be3b8229e6
  languageName: node
  linkType: hard

"@polkadot/types-create@npm:10.8.1":
  version: 10.8.1
  resolution: "@polkadot/types-create@npm:10.8.1"
  dependencies:
    "@polkadot/types-codec": 10.8.1
    "@polkadot/util": ^12.2.2
    tslib: ^2.5.3
  checksum: 36b34a676436933c820e05f7e46aa05493bf3d9fd486cec6c85fd326a76ea3bdd35569c8887462bd21f474a0d1bf7f7f7f0ce32df817746898e4302fa59e01f8
  languageName: node
  linkType: hard

"@polkadot/types-known@npm:10.8.1":
  version: 10.8.1
  resolution: "@polkadot/types-known@npm:10.8.1"
  dependencies:
    "@polkadot/networks": ^12.2.2
    "@polkadot/types": 10.8.1
    "@polkadot/types-codec": 10.8.1
    "@polkadot/types-create": 10.8.1
    "@polkadot/util": ^12.2.2
    tslib: ^2.5.3
  checksum: 3f6461338040e593b5ff4e9ec7260ba051b563f50a17c57ec6a9089606109b0b28bb47120d4b9bf35a4a948ae144734f9983c751dd0e6f118a5d315e49c18ebb
  languageName: node
  linkType: hard

"@polkadot/types-support@npm:10.8.1":
  version: 10.8.1
  resolution: "@polkadot/types-support@npm:10.8.1"
  dependencies:
    "@polkadot/util": ^12.2.2
    tslib: ^2.5.3
  checksum: 52c7390d297b1965b08e7895ce0f0c28f8b2b530dc61842f86afb554f484e99c03f24f5e6669a9f8bbc53e49c06fd14384f21e325117362d83309af8939e31f7
  languageName: node
  linkType: hard

"@polkadot/types@npm:10.8.1":
  version: 10.8.1
  resolution: "@polkadot/types@npm:10.8.1"
  dependencies:
    "@polkadot/keyring": ^12.2.2
    "@polkadot/types-augment": 10.8.1
    "@polkadot/types-codec": 10.8.1
    "@polkadot/types-create": 10.8.1
    "@polkadot/util": ^12.2.2
    "@polkadot/util-crypto": ^12.2.2
    rxjs: ^7.8.1
    tslib: ^2.5.3
  checksum: 9d88ca0c86a9f728288ceee81e8d47b4fdf7347506097c7d7e692d119e2d8072755dd706d6e654a6f6c0f61bc6a4912ca7a01bb1c5aff6a5fa0105e902097496
  languageName: node
  linkType: hard

"@polkadot/util-crypto@npm:12.2.2, @polkadot/util-crypto@npm:^12.2.2":
  version: 12.2.2
  resolution: "@polkadot/util-crypto@npm:12.2.2"
  dependencies:
    "@noble/curves": 1.1.0
    "@noble/hashes": 1.3.1
    "@polkadot/networks": 12.2.2
    "@polkadot/util": 12.2.2
    "@polkadot/wasm-crypto": ^7.2.1
    "@polkadot/wasm-util": ^7.2.1
    "@polkadot/x-bigint": 12.2.2
    "@polkadot/x-randomvalues": 12.2.2
    "@scure/base": 1.1.1
    tslib: ^2.5.3
  peerDependencies:
    "@polkadot/util": 12.2.2
  checksum: 06c8db2a46bb330ec8b65a92969f1ae795f72ca262f8b5d704d0b948fac4c692a9c62f502f6bb57603a7c802d84badd9a4f5ea5cb1b80f99fc4dad36262578fb
  languageName: node
  linkType: hard

"@polkadot/util@npm:12.2.2, @polkadot/util@npm:^12.2.2":
  version: 12.2.2
  resolution: "@polkadot/util@npm:12.2.2"
  dependencies:
    "@polkadot/x-bigint": 12.2.2
    "@polkadot/x-global": 12.2.2
    "@polkadot/x-textdecoder": 12.2.2
    "@polkadot/x-textencoder": 12.2.2
    "@types/bn.js": ^5.1.1
    bn.js: ^5.2.1
    tslib: ^2.5.3
  checksum: e15517e51d66cc2a695f56b7296bbc88441d7f98a20540b7ddd67c3f01cf71b058dcf15d44d6a0c6f6be221685bb20757b043a87ddf9721d92d23fe8fafae989
  languageName: node
  linkType: hard

"@polkadot/wasm-bridge@npm:7.2.1":
  version: 7.2.1
  resolution: "@polkadot/wasm-bridge@npm:7.2.1"
  dependencies:
    "@polkadot/wasm-util": 7.2.1
    tslib: ^2.5.0
  peerDependencies:
    "@polkadot/util": "*"
    "@polkadot/x-randomvalues": "*"
  checksum: 6f4d255665f6c1552df9abcf8e99ee36b220c446c74e4da7ac21f3c578c3736695db41e816ef83226d98231c535df8daea6d2266c3090bdd8e7609fa87447de9
  languageName: node
  linkType: hard

"@polkadot/wasm-crypto-asmjs@npm:7.2.1":
  version: 7.2.1
  resolution: "@polkadot/wasm-crypto-asmjs@npm:7.2.1"
  dependencies:
    tslib: ^2.5.0
  peerDependencies:
    "@polkadot/util": "*"
  checksum: 9d7f2ac6f73cc2ed390941a35426763c73e6f20374eb11ed60b880a6f716c2773cb1fe1cddb9416ab669c75b25b7d99be25c8c91886bb676d6faf9b4658f8fd7
  languageName: node
  linkType: hard

"@polkadot/wasm-crypto-init@npm:7.2.1":
  version: 7.2.1
  resolution: "@polkadot/wasm-crypto-init@npm:7.2.1"
  dependencies:
    "@polkadot/wasm-bridge": 7.2.1
    "@polkadot/wasm-crypto-asmjs": 7.2.1
    "@polkadot/wasm-crypto-wasm": 7.2.1
    "@polkadot/wasm-util": 7.2.1
    tslib: ^2.5.0
  peerDependencies:
    "@polkadot/util": "*"
    "@polkadot/x-randomvalues": "*"
  checksum: 97105a9e846e97d9d678526e5dd1b491cd71e705c759a8ace9e0e9a54aa045b2b512bdcdd524ea6684963b6cb0fc0a44043d2198bc680c893e1feaaf4d860e76
  languageName: node
  linkType: hard

"@polkadot/wasm-crypto-wasm@npm:7.2.1":
  version: 7.2.1
  resolution: "@polkadot/wasm-crypto-wasm@npm:7.2.1"
  dependencies:
    "@polkadot/wasm-util": 7.2.1
    tslib: ^2.5.0
  peerDependencies:
    "@polkadot/util": "*"
  checksum: f000fab2fc682a4d4d2029b483701a64091b9be0d75df82f3337a48d65ffdac8d76c828f46810cb5aae6b9ec77bdf3963ae8b8668106ea9e5c0c19f57637655d
  languageName: node
  linkType: hard

"@polkadot/wasm-crypto@npm:^7.2.1":
  version: 7.2.1
  resolution: "@polkadot/wasm-crypto@npm:7.2.1"
  dependencies:
    "@polkadot/wasm-bridge": 7.2.1
    "@polkadot/wasm-crypto-asmjs": 7.2.1
    "@polkadot/wasm-crypto-init": 7.2.1
    "@polkadot/wasm-crypto-wasm": 7.2.1
    "@polkadot/wasm-util": 7.2.1
    tslib: ^2.5.0
  peerDependencies:
    "@polkadot/util": "*"
    "@polkadot/x-randomvalues": "*"
  checksum: f42f2bc34cf76d1438893f72a233080196c9a95dd3c53444f582150c7f56b75c80b8b8b9b4a3d9015438a6f7438c6e40def46b1fe7ce3a367bcd280f2bf29c98
  languageName: node
  linkType: hard

"@polkadot/wasm-util@npm:7.2.1, @polkadot/wasm-util@npm:^7.2.1":
  version: 7.2.1
  resolution: "@polkadot/wasm-util@npm:7.2.1"
  dependencies:
    tslib: ^2.5.0
  peerDependencies:
    "@polkadot/util": "*"
  checksum: 8df30296664807c27b01d37a3e9f124fdc22aef61e633b1a538a7c533f485a2aa756c43e67aac8d0c8383273432783b78e5528c5bc1ffcf508e7faaa5009e618
  languageName: node
  linkType: hard

"@polkadot/x-bigint@npm:12.2.2, @polkadot/x-bigint@npm:^12.2.2":
  version: 12.2.2
  resolution: "@polkadot/x-bigint@npm:12.2.2"
  dependencies:
    "@polkadot/x-global": 12.2.2
    tslib: ^2.5.3
  checksum: 7416303c1213d38d2eed67950a9bec7872b742f714f55b71abed188d21f636b221fbe36c48714d42d19d450ba18da7ee104cd807c236cc912079de0553558538
  languageName: node
  linkType: hard

"@polkadot/x-fetch@npm:^12.2.2":
  version: 12.2.2
  resolution: "@polkadot/x-fetch@npm:12.2.2"
  dependencies:
    "@polkadot/x-global": 12.2.2
    node-fetch: ^3.3.1
    tslib: ^2.5.3
  checksum: 436dad2a518b1176eb8c1104b98e986e66ff462169e0f67df7289606940f78c0116e00cb382f09f4edf1eec3f7c26b68cdf01cabd6826fa1356247de0d8351e2
  languageName: node
  linkType: hard

"@polkadot/x-global@npm:12.2.2, @polkadot/x-global@npm:^12.2.2":
  version: 12.2.2
  resolution: "@polkadot/x-global@npm:12.2.2"
  dependencies:
    tslib: ^2.5.3
  checksum: ddd04b2cc2833d0154928f0a61114ecb21c4cb220c5f72120f41063bceb654541048c38492b39cccb625cd198342017194f20e8d919747d4a23c26907bc97fde
  languageName: node
  linkType: hard

"@polkadot/x-randomvalues@npm:12.2.2":
  version: 12.2.2
  resolution: "@polkadot/x-randomvalues@npm:12.2.2"
  dependencies:
    "@polkadot/x-global": 12.2.2
    tslib: ^2.5.3
  peerDependencies:
    "@polkadot/util": 12.2.2
    "@polkadot/wasm-util": "*"
  checksum: 123be88954eb20bcd72216ddd5d05f60de16ef767cd488f08a5e02540210b4bc4a499db1ab433b953bda468c53a28132dc08e962a1b0d6fd4b837ae6db3ef90a
  languageName: node
  linkType: hard

"@polkadot/x-textdecoder@npm:12.2.2":
  version: 12.2.2
  resolution: "@polkadot/x-textdecoder@npm:12.2.2"
  dependencies:
    "@polkadot/x-global": 12.2.2
    tslib: ^2.5.3
  checksum: 5ab4703c1ef7170db8625413fc69e417f5faccabdfc99ffc44f4b0e27c60e8a30818ff2450342d9e9782735209491bb7a43893245f27c0e3ffd64aa4c781ddfc
  languageName: node
  linkType: hard

"@polkadot/x-textencoder@npm:12.2.2":
  version: 12.2.2
  resolution: "@polkadot/x-textencoder@npm:12.2.2"
  dependencies:
    "@polkadot/x-global": 12.2.2
    tslib: ^2.5.3
  checksum: 0f13ddf178b945b9a5e7e1b617e3002611a4b94acc30c58d9db002054c0050c96dbf1c5666cd11bde3f4ad6ab79232264b72b77d7a3cb17e45d86a5cabfa57f3
  languageName: node
  linkType: hard

"@polkadot/x-ws@npm:^12.2.2":
  version: 12.2.2
  resolution: "@polkadot/x-ws@npm:12.2.2"
  dependencies:
    "@polkadot/x-global": 12.2.2
    tslib: ^2.5.3
    ws: ^8.13.0
  checksum: 56b7846ac6df132ad24ee865d5caf667c5e3b5afe306dd3e931662e38b664dc646e53aa3649a1c3fda0516dc33f5aa3db599a47536f58a39119da3e1f664a382
  languageName: node
  linkType: hard

"@scure/base@npm:1.1.1":
  version: 1.1.1
  resolution: "@scure/base@npm:1.1.1"
  checksum: b4fc810b492693e7e8d0107313ac74c3646970c198bbe26d7332820886fa4f09441991023ec9aa3a2a51246b74409ab5ebae2e8ef148bbc253da79ac49130309
  languageName: node
  linkType: hard

"@substrate/connect-extension-protocol@npm:^1.0.1":
  version: 1.0.1
  resolution: "@substrate/connect-extension-protocol@npm:1.0.1"
  checksum: 116dee587e81e832e14c25038bd849438c9493c6089aa6c1bf1760780d463880d44d362ed983d57ac3695368ac46f3c9df3dbaed92f36de89626c9735cecd1e4
  languageName: node
  linkType: hard

"@substrate/connect@npm:0.7.26":
  version: 0.7.26
  resolution: "@substrate/connect@npm:0.7.26"
  dependencies:
    "@substrate/connect-extension-protocol": ^1.0.1
    eventemitter3: ^4.0.7
    smoldot: 1.0.4
  checksum: 3179d241f073318d5973deb61c9c8d9b89ae28909a594b6b9fbcdfffd030a70ba58e8428eaa9d72484810bad10c93de1ad9c440b878d0fcfaaf4559d2e6f4502
  languageName: node
  linkType: hard

"@substrate/ss58-registry@npm:^1.40.0":
  version: 1.40.0
  resolution: "@substrate/ss58-registry@npm:1.40.0"
  checksum: 474cb16b350e95fa7ca1020b70c6885c5c3d739472f506d175f24e9fd5a6d337d3c7e7a7fa44962199ed03fffb5d3b44b8af79a9811cb55ec34b3b75bb8e7f97
  languageName: node
  linkType: hard

"@tsconfig/node10@npm:^1.0.7":
  version: 1.0.9
  resolution: "@tsconfig/node10@npm:1.0.9"
  checksum: a33ae4dc2a621c0678ac8ac4bceb8e512ae75dac65417a2ad9b022d9b5411e863c4c198b6ba9ef659e14b9fb609bbec680841a2e84c1172df7a5ffcf076539df
  languageName: node
  linkType: hard

"@tsconfig/node12@npm:^1.0.7":
  version: 1.0.11
  resolution: "@tsconfig/node12@npm:1.0.11"
  checksum: 5ce29a41b13e7897a58b8e2df11269c5395999e588b9a467386f99d1d26f6c77d1af2719e407621412520ea30517d718d5192a32403b8dfcc163bf33e40a338a
  languageName: node
  linkType: hard

"@tsconfig/node14@npm:^1.0.0":
  version: 1.0.3
  resolution: "@tsconfig/node14@npm:1.0.3"
  checksum: 19275fe80c4c8d0ad0abed6a96dbf00642e88b220b090418609c4376e1cef81bf16237bf170ad1b341452feddb8115d8dd2e5acdfdea1b27422071163dc9ba9d
  languageName: node
  linkType: hard

"@tsconfig/node16@npm:^1.0.2":
  version: 1.0.4
  resolution: "@tsconfig/node16@npm:1.0.4"
  checksum: 202319785901f942a6e1e476b872d421baec20cf09f4b266a1854060efbf78cde16a4d256e8bc949d31e6cd9a90f1e8ef8fb06af96a65e98338a2b6b0de0a0ff
  languageName: node
  linkType: hard

"@types/bn.js@npm:^5.1.1":
  version: 5.1.1
  resolution: "@types/bn.js@npm:5.1.1"
  dependencies:
    "@types/node": "*"
  checksum: e50ed2dd3abe997e047caf90e0352c71e54fc388679735217978b4ceb7e336e51477791b715f49fd77195ac26dd296c7bad08a3be9750e235f9b2e1edb1b51c2
  languageName: node
  linkType: hard

"@types/node@npm:*":
  version: 20.2.6
  resolution: "@types/node@npm:20.2.6"
  checksum: 5222bceb188ca36947ac20b1fdbb39eabb599bb57d46d010182299a959ad38e3a6abc5167d81e685538b1aed1702e62df9a61ac473cafacd6a0a5f73bd627abf
  languageName: node
  linkType: hard

"acorn-walk@npm:^8.1.1":
  version: 8.2.0
  resolution: "acorn-walk@npm:8.2.0"
  checksum: 1715e76c01dd7b2d4ca472f9c58968516a4899378a63ad5b6c2d668bba8da21a71976c14ec5f5b75f887b6317c4ae0b897ab141c831d741dc76024d8745f1ad1
  languageName: node
  linkType: hard

"acorn@npm:^8.4.1":
  version: 8.8.2
  resolution: "acorn@npm:8.8.2"
  bin:
    acorn: bin/acorn
  checksum: f790b99a1bf63ef160c967e23c46feea7787e531292bb827126334612c234ed489a0dc2c7ba33156416f0ffa8d25bf2b0fdb7f35c2ba60eb3e960572bece4001
  languageName: node
  linkType: hard

"arg@npm:^4.1.0":
  version: 4.1.3
  resolution: "arg@npm:4.1.3"
  checksum: 544af8dd3f60546d3e4aff084d451b96961d2267d668670199692f8d054f0415d86fc5497d0e641e91546f0aa920e7c29e5250e99fc89f5552a34b5d93b77f43
  languageName: node
  linkType: hard

"bn.js@npm:^5.2.1":
  version: 5.2.1
  resolution: "bn.js@npm:5.2.1"
  checksum: 3dd8c8d38055fedfa95c1d5fc3c99f8dd547b36287b37768db0abab3c239711f88ff58d18d155dd8ad902b0b0cee973747b7ae20ea12a09473272b0201c9edd3
  languageName: node
  linkType: hard

"create-require@npm:^1.1.0":
  version: 1.1.1
  resolution: "create-require@npm:1.1.1"
  checksum: a9a1503d4390d8b59ad86f4607de7870b39cad43d929813599a23714831e81c520bddf61bcdd1f8e30f05fd3a2b71ae8538e946eb2786dc65c2bbc520f692eff
  languageName: node
  linkType: hard

"data-uri-to-buffer@npm:^4.0.0":
  version: 4.0.1
  resolution: "data-uri-to-buffer@npm:4.0.1"
  checksum: 0d0790b67ffec5302f204c2ccca4494f70b4e2d940fea3d36b09f0bb2b8539c2e86690429eb1f1dc4bcc9e4df0644193073e63d9ee48ac9fce79ec1506e4aa4c
  languageName: node
  linkType: hard

"debug@npm:^4.1.0":
  version: 4.3.4
  resolution: "debug@npm:4.3.4"
  dependencies:
    ms: 2.1.2
  peerDependenciesMeta:
    supports-color:
      optional: true
  checksum: 3dbad3f94ea64f34431a9cbf0bafb61853eda57bff2880036153438f50fb5a84f27683ba0d8e5426bf41a8c6ff03879488120cf5b3a761e77953169c0600a708
  languageName: node
  linkType: hard

"diff@npm:^4.0.1":
  version: 4.0.2
  resolution: "diff@npm:4.0.2"
  checksum: f2c09b0ce4e6b301c221addd83bf3f454c0bc00caa3dd837cf6c127d6edf7223aa2bbe3b688feea110b7f262adbfc845b757c44c8a9f8c0c5b15d8fa9ce9d20d
  languageName: node
  linkType: hard

"eventemitter3@npm:^4.0.7":
  version: 4.0.7
  resolution: "eventemitter3@npm:4.0.7"
  checksum: 1875311c42fcfe9c707b2712c32664a245629b42bb0a5a84439762dd0fd637fc54d078155ea83c2af9e0323c9ac13687e03cfba79b03af9f40c89b4960099374
  languageName: node
  linkType: hard

"eventemitter3@npm:^5.0.1":
  version: 5.0.1
  resolution: "eventemitter3@npm:5.0.1"
  checksum: 543d6c858ab699303c3c32e0f0f47fc64d360bf73c3daf0ac0b5079710e340d6fe9f15487f94e66c629f5f82cd1a8678d692f3dbb6f6fcd1190e1b97fcad36f8
  languageName: node
  linkType: hard

"fetch-blob@npm:^3.1.2, fetch-blob@npm:^3.1.4":
  version: 3.2.0
  resolution: "fetch-blob@npm:3.2.0"
  dependencies:
    node-domexception: ^1.0.0
    web-streams-polyfill: ^3.0.3
  checksum: f19bc28a2a0b9626e69fd7cf3a05798706db7f6c7548da657cbf5026a570945f5eeaedff52007ea35c8bcd3d237c58a20bf1543bc568ab2422411d762dd3d5bf
  languageName: node
  linkType: hard

"formdata-polyfill@npm:^4.0.10":
  version: 4.0.10
  resolution: "formdata-polyfill@npm:4.0.10"
  dependencies:
    fetch-blob: ^3.1.2
  checksum: 82a34df292afadd82b43d4a740ce387bc08541e0a534358425193017bf9fb3567875dc5f69564984b1da979979b70703aa73dee715a17b6c229752ae736dd9db
  languageName: node
  linkType: hard

"int-to-bytes@workspace:.":
  version: 0.0.0-use.local
  resolution: "int-to-bytes@workspace:."
  dependencies:
    "@polkadot/api": ^10.8.1
    "@polkadot/util-crypto": ^12.2.2
    ts-node: ^10.9.1
    typescript: ^5.1.3
  languageName: unknown
  linkType: soft

"json-stringify-safe@npm:^5.0.1":
  version: 5.0.1
  resolution: "json-stringify-safe@npm:5.0.1"
  checksum: 48ec0adad5280b8a96bb93f4563aa1667fd7a36334f79149abd42446d0989f2ddc58274b479f4819f1f00617957e6344c886c55d05a4e15ebb4ab931e4a6a8ee
  languageName: node
  linkType: hard

"lodash@npm:^4.17.21":
  version: 4.17.21
  resolution: "lodash@npm:4.17.21"
  checksum: eb835a2e51d381e561e508ce932ea50a8e5a68f4ebdd771ea240d3048244a8d13658acbd502cd4829768c56f2e16bdd4340b9ea141297d472517b83868e677f7
  languageName: node
  linkType: hard

"make-error@npm:^1.1.1":
  version: 1.3.6
  resolution: "make-error@npm:1.3.6"
  checksum: b86e5e0e25f7f777b77fabd8e2cbf15737972869d852a22b7e73c17623928fccb826d8e46b9951501d3f20e51ad74ba8c59ed584f610526a48f8ccf88aaec402
  languageName: node
  linkType: hard

"mock-socket@npm:^9.2.1":
  version: 9.2.1
  resolution: "mock-socket@npm:9.2.1"
  checksum: daf07689563163dbcefbefe23b2a9784a75d0af31706f23ad535c6ab2abbcdefa2e91acddeb50a3c39009139e47a8f909cbb38e8137452193ccb9331637fee3e
  languageName: node
  linkType: hard

"ms@npm:2.1.2":
  version: 2.1.2
  resolution: "ms@npm:2.1.2"
  checksum: 673cdb2c3133eb050c745908d8ce632ed2c02d85640e2edb3ace856a2266a813b30c613569bf3354fdf4ea7d1a1494add3bfa95e2713baa27d0c2c71fc44f58f
  languageName: node
  linkType: hard

"nock@npm:^13.3.1":
  version: 13.3.1
  resolution: "nock@npm:13.3.1"
  dependencies:
    debug: ^4.1.0
    json-stringify-safe: ^5.0.1
    lodash: ^4.17.21
    propagate: ^2.0.0
  checksum: 0f2a73e8432f6b5650656c53eef99f9e5bbde3df538dc2f07057edc4438cfc61a394c9d06dd82e60f6e86d42433f20f3c04364a1f088beee7bf03a24e3f0fdd0
  languageName: node
  linkType: hard

"node-domexception@npm:^1.0.0":
  version: 1.0.0
  resolution: "node-domexception@npm:1.0.0"
  checksum: ee1d37dd2a4eb26a8a92cd6b64dfc29caec72bff5e1ed9aba80c294f57a31ba4895a60fd48347cf17dd6e766da0ae87d75657dfd1f384ebfa60462c2283f5c7f
  languageName: node
  linkType: hard

"node-fetch@npm:^3.3.1":
  version: 3.3.1
  resolution: "node-fetch@npm:3.3.1"
  dependencies:
    data-uri-to-buffer: ^4.0.0
    fetch-blob: ^3.1.4
    formdata-polyfill: ^4.0.10
  checksum: 62145fd3ba4770a76110bc31fdc0054ab2f5442b5ce96e9c4b39fc9e94a3d305560eec76e1165d9259eab866e02a8eecf9301062bb5dfc9f08a4d08b69d223dd
  languageName: node
  linkType: hard

"pako@npm:^2.0.4":
  version: 2.1.0
  resolution: "pako@npm:2.1.0"
  checksum: 71666548644c9a4d056bcaba849ca6fd7242c6cf1af0646d3346f3079a1c7f4a66ffec6f7369ee0dc88f61926c10d6ab05da3e1fca44b83551839e89edd75a3e
  languageName: node
  linkType: hard

"propagate@npm:^2.0.0":
  version: 2.0.1
  resolution: "propagate@npm:2.0.1"
  checksum: c4febaee2be0979e82fb6b3727878fd122a98d64a7fa3c9d09b0576751b88514a9e9275b1b92e76b364d488f508e223bd7e1dcdc616be4cdda876072fbc2a96c
  languageName: node
  linkType: hard

"rxjs@npm:^7.8.1":
  version: 7.8.1
  resolution: "rxjs@npm:7.8.1"
  dependencies:
    tslib: ^2.1.0
  checksum: de4b53db1063e618ec2eca0f7965d9137cabe98cf6be9272efe6c86b47c17b987383df8574861bcced18ebd590764125a901d5506082be84a8b8e364bf05f119
  languageName: node
  linkType: hard

"smoldot@npm:1.0.4":
  version: 1.0.4
  resolution: "smoldot@npm:1.0.4"
  dependencies:
    pako: ^2.0.4
    ws: ^8.8.1
  checksum: 81ecc38b98f7ac4dd093753e85956262608dca3c8a288c20a25fe1762a6afcdbe6f3622ea30a346df3f4145e0900ef0595e56e96e9e0de83c59f0649d1ab4786
  languageName: node
  linkType: hard

"ts-node@npm:^10.9.1":
  version: 10.9.1
  resolution: "ts-node@npm:10.9.1"
  dependencies:
    "@cspotcode/source-map-support": ^0.8.0
    "@tsconfig/node10": ^1.0.7
    "@tsconfig/node12": ^1.0.7
    "@tsconfig/node14": ^1.0.0
    "@tsconfig/node16": ^1.0.2
    acorn: ^8.4.1
    acorn-walk: ^8.1.1
    arg: ^4.1.0
    create-require: ^1.1.0
    diff: ^4.0.1
    make-error: ^1.1.1
    v8-compile-cache-lib: ^3.0.1
    yn: 3.1.1
  peerDependencies:
    "@swc/core": ">=1.2.50"
    "@swc/wasm": ">=1.2.50"
    "@types/node": "*"
    typescript: ">=2.7"
  peerDependenciesMeta:
    "@swc/core":
      optional: true
    "@swc/wasm":
      optional: true
  bin:
    ts-node: dist/bin.js
    ts-node-cwd: dist/bin-cwd.js
    ts-node-esm: dist/bin-esm.js
    ts-node-script: dist/bin-script.js
    ts-node-transpile-only: dist/bin-transpile.js
    ts-script: dist/bin-script-deprecated.js
  checksum: 090adff1302ab20bd3486e6b4799e90f97726ed39e02b39e566f8ab674fd5bd5f727f43615debbfc580d33c6d9d1c6b1b3ce7d8e3cca3e20530a145ffa232c35
  languageName: node
  linkType: hard

"tslib@npm:^2.1.0, tslib@npm:^2.5.0, tslib@npm:^2.5.3":
  version: 2.5.3
  resolution: "tslib@npm:2.5.3"
  checksum: 88902b309afaf83259131c1e13da1dceb0ad1682a213143a1346a649143924d78cf3760c448b84d796938fd76127183894f8d85cbb3bf9c4fddbfcc140c0003c
  languageName: node
  linkType: hard

"typescript@npm:^5.1.3":
  version: 5.1.3
  resolution: "typescript@npm:5.1.3"
  bin:
    tsc: bin/tsc
    tsserver: bin/tsserver
  checksum: d9d51862d98efa46534f2800a1071a613751b1585dc78884807d0c179bcd93d6e9d4012a508e276742f5f33c480adefc52ffcafaf9e0e00ab641a14cde9a31c7
  languageName: node
  linkType: hard

"typescript@patch:typescript@^5.1.3#~builtin<compat/typescript>":
  version: 5.1.3
  resolution: "typescript@patch:typescript@npm%3A5.1.3#~builtin<compat/typescript>::version=5.1.3&hash=5da071"
  bin:
    tsc: bin/tsc
    tsserver: bin/tsserver
  checksum: 6f0a9dca6bf4ce9dcaf4e282aade55ef4c56ecb5fb98d0a4a5c0113398815aea66d871b5611e83353e5953a19ed9ef103cf5a76ac0f276d550d1e7cd5344f61e
  languageName: node
  linkType: hard

"v8-compile-cache-lib@npm:^3.0.1":
  version: 3.0.1
  resolution: "v8-compile-cache-lib@npm:3.0.1"
  checksum: 78089ad549e21bcdbfca10c08850022b22024cdcc2da9b168bcf5a73a6ed7bf01a9cebb9eac28e03cd23a684d81e0502797e88f3ccd27a32aeab1cfc44c39da0
  languageName: node
  linkType: hard

"web-streams-polyfill@npm:^3.0.3":
  version: 3.2.1
  resolution: "web-streams-polyfill@npm:3.2.1"
  checksum: b119c78574b6d65935e35098c2afdcd752b84268e18746606af149e3c424e15621b6f1ff0b42b2676dc012fc4f0d313f964b41a4b5031e525faa03997457da02
  languageName: node
  linkType: hard

"ws@npm:^8.13.0, ws@npm:^8.8.1":
  version: 8.13.0
  resolution: "ws@npm:8.13.0"
  peerDependencies:
    bufferutil: ^4.0.1
    utf-8-validate: ">=5.0.2"
  peerDependenciesMeta:
    bufferutil:
      optional: true
    utf-8-validate:
      optional: true
  checksum: 53e991bbf928faf5dc6efac9b8eb9ab6497c69feeb94f963d648b7a3530a720b19ec2e0ec037344257e05a4f35bd9ad04d9de6f289615ffb133282031b18c61c
  languageName: node
  linkType: hard

"yn@npm:3.1.1":
  version: 3.1.1
  resolution: "yn@npm:3.1.1"
  checksum: 2c487b0e149e746ef48cda9f8bad10fc83693cd69d7f9dcd8be4214e985de33a29c9e24f3c0d6bcf2288427040a8947406ab27f7af67ee9456e6b84854f02dd6
  languageName: node
  linkType: hard
